// !$*UTF8*$!
{
	archiveVersion = 1;
	classes = {
	};
	objectVersion = 48;
	objects = {

/* Begin PBXBuildFile section */
		353D35C81F3D759B00363843 /* AppDelegate.swift in Sources */ = {isa = PBXBuildFile; fileRef = 353D35C71F3D759B00363843 /* AppDelegate.swift */; };
		353D35CA1F3D759B00363843 /* ViewController.swift in Sources */ = {isa = PBXBuildFile; fileRef = 353D35C91F3D759B00363843 /* ViewController.swift */; };
		353D35CD1F3D759B00363843 /* Main.storyboard in Resources */ = {isa = PBXBuildFile; fileRef = 353D35CB1F3D759B00363843 /* Main.storyboard */; };
		353D35CF1F3D759B00363843 /* Assets.xcassets in Resources */ = {isa = PBXBuildFile; fileRef = 353D35CE1F3D759B00363843 /* Assets.xcassets */; };
		353D35D21F3D759B00363843 /* LaunchScreen.storyboard in Resources */ = {isa = PBXBuildFile; fileRef = 353D35D01F3D759B00363843 /* LaunchScreen.storyboard */; };
		353D35DA1F3D7A8B00363843 /* 8Ball.swift in Sources */ = {isa = PBXBuildFile; fileRef = 353D35D91F3D7A8B00363843 /* 8Ball.swift */; };
		353D35DD1F3D7E4600363843 /* water.wav in Resources */ = {isa = PBXBuildFile; fileRef = 353D35DC1F3D7E4300363843 /* water.wav */; };
		353D35DF1F3D7E6400363843 /* sound.swift in Sources */ = {isa = PBXBuildFile; fileRef = 353D35DE1F3D7E6400363843 /* sound.swift */; };
/* End PBXBuildFile section */

/* Begin PBXFileReference section */
		353D35C41F3D759B00363843 /* Magic 8 Ball.app */ = {isa = PBXFileReference; explicitFileType = wrapper.application; includeInIndex = 0; path = "Magic 8 Ball.app"; sourceTree = BUILT_PRODUCTS_DIR; };
		353D35C71F3D759B00363843 /* AppDelegate.swift */ = {isa = PBXFileReference; lastKnownFileType = sourcecode.swift; path = AppDelegate.swift; sourceTree = "<group>"; };
		353D35C91F3D759B00363843 /* ViewController.swift */ = {isa = PBXFileReference; lastKnownFileType = sourcecode.swift; path = ViewController.swift; sourceTree = "<group>"; };
		353D35CC1F3D759B00363843 /* Base */ = {isa = PBXFileReference; lastKnownFileType = file.storyboard; name = Base; path = Base.lproj/Main.storyboard; sourceTree = "<group>"; };
		353D35CE1F3D759B00363843 /* Assets.xcassets */ = {isa = PBXFileReference; lastKnownFileType = folder.assetcatalog; path = Assets.xcassets; sourceTree = "<group>"; };
		353D35D11F3D759B00363843 /* Base */ = {isa = PBXFileReference; lastKnownFileType = file.storyboard; name = Base; path = Base.lproj/LaunchScreen.storyboard; sourceTree = "<group>"; };
		353D35D31F3D759B00363843 /* Info.plist */ = {isa = PBXFileReference; lastKnownFileType = text.plist.xml; path = Info.plist; sourceTree = "<group>"; };
		353D35D91F3D7A8B00363843 /* 8Ball.swift */ = {isa = PBXFileReference; lastKnownFileType = sourcecode.swift; path = 8Ball.swift; sourceTree = "<group>"; };
		353D35DC1F3D7E4300363843 /* water.wav */ = {isa = PBXFileReference; lastKnownFileType = audio.wav; name = water.wav; path = "Magic 8 Ball/Resources/water.wav"; sourceTree = SOURCE_ROOT; };
		353D35DE1F3D7E6400363843 /* sound.swift */ = {isa = PBXFileReference; lastKnownFileType = sourcecode.swift; path = sound.swift; sourceTree = "<group>"; };
/* End PBXFileReference section */

/* Begin PBXFrameworksBuildPhase section */
		353D35C11F3D759B00363843 /* Frameworks */ = {
			isa = PBXFrameworksBuildPhase;
			buildActionMask = 2147483647;
			files = (
			);
			runOnlyForDeploymentPostprocessing = 0;
		};
/* End PBXFrameworksBuildPhase section */

/* Begin PBXGroup section */
		353D35BB1F3D759A00363843 = {
			isa = PBXGroup;
			children = (
				353D35C61F3D759B00363843 /* Magic 8 Ball */,
				353D35C51F3D759B00363843 /* Products */,
			);
			sourceTree = "<group>";
		};
		353D35C51F3D759B00363843 /* Products */ = {
			isa = PBXGroup;
			children = (
				353D35C41F3D759B00363843 /* Magic 8 Ball.app */,
			);
			name = Products;
			sourceTree = "<group>";
		};
		353D35C61F3D759B00363843 /* Magic 8 Ball */ = {
			isa = PBXGroup;
			children = (
				353D35DB1F3D7E2300363843 /* Resources */,
				353D35C71F3D759B00363843 /* AppDelegate.swift */,
				353D35D91F3D7A8B00363843 /* 8Ball.swift */,
				353D35DE1F3D7E6400363843 /* sound.swift */,
				353D35C91F3D759B00363843 /* ViewController.swift */,
				353D35CB1F3D759B00363843 /* Main.storyboard */,
				353D35CE1F3D759B00363843 /* Assets.xcassets */,
				353D35D01F3D759B00363843 /* LaunchScreen.storyboard */,
				353D35D31F3D759B00363843 /* Info.plist */,
			);
			path = "Magic 8 Ball";
			sourceTree = "<group>";
		};
		353D35DB1F3D7E2300363843 /* Resources */ = {
			isa = PBXGroup;
			children = (
				353D35DC1F3D7E4300363843 /* water.wav */,
			);
			path = Resources;
			sourceTree = "<group>";
		};
/* End PBXGroup section */

/* Begin PBXNativeTarget section */
		353D35C31F3D759B00363843 /* Magic 8 Ball */ = {
			isa = PBXNativeTarget;
			buildConfigurationList = 353D35D61F3D759B00363843 /* Build configuration list for PBXNativeTarget "Magic 8 Ball" */;
			buildPhases = (
				353D35C01F3D759B00363843 /* Sources */,
				353D35C11F3D759B00363843 /* Frameworks */,
				353D35C21F3D759B00363843 /* Resources */,
			);
			buildRules = (
			);
			dependencies = (
			);
			name = "Magic 8 Ball";
			productName = "Magic 8 Ball";
			productReference = 353D35C41F3D759B00363843 /* Magic 8 Ball.app */;
			productType = "com.apple.product-type.application";
		};
/* End PBXNativeTarget section */

/* Begin PBXProject section */
		353D35BC1F3D759B00363843 /* Project object */ = {
			isa = PBXProject;
			attributes = {
				LastSwiftUpdateCheck = 0900;
				LastUpgradeCheck = 0900;
				ORGANIZATIONNAME = "Dobson Studios";
				TargetAttributes = {
					353D35C31F3D759B00363843 = {
						CreatedOnToolsVersion = 9.0;
					};
				};
			};
			buildConfigurationList = 353D35BF1F3D759B00363843 /* Build configuration list for PBXProject "Magic 8 Ball" */;
			compatibilityVersion = "Xcode 8.0";
			developmentRegion = en;
			hasScannedForEncodings = 0;
			knownRegions = (
				en,
				Base,
			);
			mainGroup = 353D35BB1F3D759A00363843;
			productRefGroup = 353D35C51F3D759B00363843 /* Products */;
			projectDirPath = "";
			projectRoot = "";
			targets = (
				353D35C31F3D759B00363843 /* Magic 8 Ball */,
			);
		};
/* End PBXProject section */

/* Begin PBXResourcesBuildPhase section */
		353D35C21F3D759B00363843 /* Resources */ = {
			isa = PBXResourcesBuildPhase;
			buildActionMask = 2147483647;
			files = (
				353D35DD1F3D7E4600363843 /* water.wav in Resources */,
				353D35D21F3D759B00363843 /* LaunchScreen.storyboard in Resources */,
				353D35CF1F3D759B00363843 /* Assets.xcassets in Resources */,
				353D35CD1F3D759B00363843 /* Main.storyboard in Resources */,
			);
			runOnlyForDeploymentPostprocessing = 0;
		};
/* End PBXResourcesBuildPhase section */

/* Begin PBXSourcesBuildPhase section */
		353D35C01F3D759B00363843 /* Sources */ = {
			isa = PBXSourcesBuildPhase;
			buildActionMask = 2147483647;
			files = (
				353D35CA1F3D759B00363843 /* ViewController.swift in Sources */,
				353D35C81F3D759B00363843 /* AppDelegate.swift in Sources */,
				353D35DA1F3D7A8B00363843 /* 8Ball.swift in Sources */,
				353D35DF1F3D7E6400363843 /* sound.swift in Sources */,
			);
			runOnlyForDeploymentPostprocessing = 0;
		};
/* End PBXSourcesBuildPhase section */

/* Begin PBXVariantGroup section */
		353D35CB1F3D759B00363843 /* Main.storyboard */ = {
			isa = PBXVariantGroup;
			children = (
				353D35CC1F3D759B00363843 /* Base */,
			);
			name = Main.storyboard;
			sourceTree = "<group>";
		};
		353D35D01F3D759B00363843 /* LaunchScreen.storyboard */ = {
			isa = PBXVariantGroup;
			children = (
				353D35D11F3D759B00363843 /* Base */,
			);
			name = LaunchScreen.storyboard;
			sourceTree = "<group>";
		};
/* End PBXVariantGroup section */

/* Begin XCBuildConfiguration section */
		353D35D41F3D759B00363843 /* Debug */ = {
			isa = XCBuildConfiguration;
			buildSettings = {
				ALWAYS_SEARCH_USER_PATHS = NO;
				CLANG_ANALYZER_NONNULL = YES;
				CLANG_ANALYZER_NUMBER_OBJECT_CONVERSION = YES_AGGRESSIVE;
				CLANG_CXX_LANGUAGE_STANDARD = "gnu++14";
				CLANG_CXX_LIBRARY = "libc++";
				CLANG_ENABLE_MODULES = YES;
				CLANG_ENABLE_OBJC_ARC = YES;
				CLANG_WARN_BLOCK_CAPTURE_AUTORELEASING = YES;
				CLANG_WARN_BOOL_CONVERSION = YES;
				CLANG_WARN_COMMA = YES;
				CLANG_WARN_CONSTANT_CONVERSION = YES;
				CLANG_WARN_DIRECT_OBJC_ISA_USAGE = YES_ERROR;
				CLANG_WARN_DOCUMENTATION_COMMENTS = YES;
				CLANG_WARN_EMPTY_BODY = YES;
				CLANG_WARN_ENUM_CONVERSION = YES;
				CLANG_WARN_INFINITE_RECURSION = YES;
				CLANG_WARN_INT_CONVERSION = YES;
				CLANG_WARN_NON_LITERAL_NULL_CONVERSION = YES;
				CLANG_WARN_OBJC_LITERAL_CONVERSION = YES;
				CLANG_WARN_OBJC_ROOT_CLASS = YES_ERROR;
				CLANG_WARN_RANGE_LOOP_ANALYSIS = YES;
				CLANG_WARN_STRICT_PROTOTYPES = YES;
				CLANG_WARN_SUSPICIOUS_MOVE = YES;
				CLANG_WARN_UNGUARDED_AVAILABILITY = YES_AGGRESSIVE;
				CLANG_WARN_UNREACHABLE_CODE = YES;
				CLANG_WARN__DUPLICATE_METHOD_MATCH = YES;
				CODE_SIGN_IDENTITY = "iPhone Developer";
				COPY_PHASE_STRIP = NO;
				DEBUG_INFORMATION_FORMAT = dwarf;
				ENABLE_STRICT_OBJC_MSGSEND = YES;
				ENABLE_TESTABILITY = YES;
				GCC_C_LANGUAGE_STANDARD = gnu11;
				GCC_DYNAMIC_NO_PIC = NO;
				GCC_NO_COMMON_BLOCKS = YES;
				GCC_OPTIMIZATION_LEVEL = 0;
				GCC_PREPROCESSOR_DEFINITIONS = (
					"DEBUG=1",
					"$(inherited)",
				);
				GCC_WARN_64_TO_32_BIT_CONVERSION = YES;
				GCC_WARN_ABOUT_RETURN_TYPE = YES_ERROR;
				GCC_WARN_UNDECLARED_SELECTOR = YES;
				GCC_WARN_UNINITIALIZED_AUTOS = YES_AGGRESSIVE;
				GCC_WARN_UNUSED_FUNCTION = YES;
				GCC_WARN_UNUSED_VARIABLE = YES;
				IPHONEOS_DEPLOYMENT_TARGET = 11.0;
				MTL_ENABLE_DEBUG_INFO = YES;
				ONLY_ACTIVE_ARCH = YES;
				SDKROOT = iphoneos;
				SWIFT_ACTIVE_COMPILATION_CONDITIONS = DEBUG;
				SWIFT_OPTIMIZATION_LEVEL = "-Onone";
			};
			name = Debug;
		};
		353D35D51F3D759B00363843 /* Release */ = {
			isa = XCBuildConfiguration;
			buildSettings = {
				ALWAYS_SEARCH_USER_PATHS = NO;
				CLANG_ANALYZER_NONNULL = YES;
				CLANG_ANALYZER_NUMBER_OBJECT_CONVERSION = YES_AGGRESSIVE;
				CLANG_CXX_LANGUAGE_STANDARD = "gnu++14";
				CLANG_CXX_LIBRARY = "libc++";
				CLANG_ENABLE_MODULES = YES;
				CLANG_ENABLE_OBJC_ARC = YES;
				CLANG_WARN_BLOCK_CAPTURE_AUTORELEASING = YES;
				CLANG_WARN_BOOL_CONVERSION = YES;
				CLANG_WARN_COMMA = YES;
				CLANG_WARN_CONSTANT_CONVERSION = YES;
				CLANG_WARN_DIRECT_OBJC_ISA_USAGE = YES_ERROR;
				CLANG_WARN_DOCUMENTATION_COMMENTS = YES;
				CLANG_WARN_EMPTY_BODY = YES;
				CLANG_WARN_ENUM_CONVERSION = YES;
				CLANG_WARN_INFINITE_RECURSION = YES;
				CLANG_WARN_INT_CONVERSION = YES;
				CLANG_WARN_NON_LITERAL_NULL_CONVERSION = YES;
				CLANG_WARN_OBJC_LITERAL_CONVERSION = YES;
				CLANG_WARN_OBJC_ROOT_CLASS = YES_ERROR;
				CLANG_WARN_RANGE_LOOP_ANALYSIS = YES;
				CLANG_WARN_STRICT_PROTOTYPES = YES;
				CLANG_WARN_SUSPICIOUS_MOVE = YES;
				CLANG_WARN_UNGUARDED_AVAILABILITY = YES_AGGRESSIVE;
				CLANG_WARN_UNREACHABLE_CODE = YES;
				CLANG_WARN__DUPLICATE_METHOD_MATCH = YES;
				CODE_SIGN_IDENTITY = "iPhone Developer";
				COPY_PHASE_STRIP = NO;
				DEBUG_INFORMATION_FORMAT = "dwarf-with-dsym";
				ENABLE_NS_ASSERTIONS = NO;
				ENABLE_STRICT_OBJC_MSGSEND = YES;
				GCC_C_LANGUAGE_STANDARD = gnu11;
				GCC_NO_COMMON_BLOCKS = YES;
				GCC_WARN_64_TO_32_BIT_CONVERSION = YES;
				GCC_WARN_ABOUT_RETURN_TYPE = YES_ERROR;
				GCC_WARN_UNDECLARED_SELECTOR = YES;
				GCC_WARN_UNINITIALIZED_AUTOS = YES_AGGRESSIVE;
				GCC_WARN_UNUSED_FUNCTION = YES;
				GCC_WARN_UNUSED_VARIABLE = YES;
				IPHONEOS_DEPLOYMENT_TARGET = 11.0;
				MTL_ENABLE_DEBUG_INFO = NO;
				SDKROOT = iphoneos;
				SWIFT_OPTIMIZATION_LEVEL = "-Owholemodule";
				VALIDATE_PRODUCT = YES;
			};
			name = Release;
		};
		353D35D71F3D759B00363843 /* Debug */ = {
			isa = XCBuildConfiguration;
			buildSettings = {
				ASSETCATALOG_COMPILER_APPICON_NAME = AppIcon;
				DEVELOPMENT_TEAM = JLFK698MRZ;
				INFOPLIST_FILE = "Magic 8 Ball/Info.plist";
				LD_RUNPATH_SEARCH_PATHS = "$(inherited) @executable_path/Frameworks";
				PRODUCT_BUNDLE_IDENTIFIER = "com.DobsonStudios.Magic-8-Ball";
				PRODUCT_NAME = "$(TARGET_NAME)";
				SWIFT_VERSION = 4.0;
				TARGETED_DEVICE_FAMILY = "1,2";
			};
			name = Debug;
		};
		353D35D81F3D759B00363843 /* Release */ = {
			isa = XCBuildConfiguration;
			buildSettings = {
				ASSETCATALOG_COMPILER_APPICON_NAME = AppIcon;
				DEVELOPMENT_TEAM = JLFK698MRZ;
				INFOPLIST_FILE = "Magic 8 Ball/Info.plist";
				LD_RUNPATH_SEARCH_PATHS = "$(inherited) @executable_path/Frameworks";
				PRODUCT_BUNDLE_IDENTIFIER = "com.DobsonStudios.Magic-8-Ball";
				PRODUCT_NAME = "$(TARGET_NAME)";
				SWIFT_VERSION = 4.0;
				TARGETED_DEVICE_FAMILY = "1,2";
			};
			name = Release;
		};
/* End XCBuildConfiguration section */

/* Begin XCConfigurationList section */
		353D35BF1F3D759B00363843 /* Build configuration list for PBXProject "Magic 8 Ball" */ = {
			isa = XCConfigurationList;
			buildConfigurations = (
				353D35D41F3D759B00363843 /* Debug */,
				353D35D51F3D759B00363843 /* Release */,
			);
			defaultConfigurationIsVisible = 0;
			defaultConfigurationName = Release;
		};
		353D35D61F3D759B00363843 /* Build configuration list for PBXNativeTarget "Magic 8 Ball" */ = {
			isa = XCConfigurationList;
			buildConfigurations = (
				353D35D71F3D759B00363843 /* Debug */,
				353D35D81F3D759B00363843 /* Release */,
			);
			defaultConfigurationIsVisible = 0;
			defaultConfigurationName = Release;
		};
/* End XCConfigurationList section */
	};
	rootObject = 353D35BC1F3D759B00363843 /* Project object */;
}
